
Microsoft Visual Studio Solution File, Format Version 11.00
# Visual Studio 2010
Project("{FAE04EC0-301F-11D3-BF4B-00C04F79EFBC}") = "AstarPathfindingProject", "AstarPathfindingProject.csproj", "{674F641E-DAA6-4095-6433-F4ACE85C1B31}"
EndProject
Project("{FAE04EC0-301F-11D3-BF4B-00C04F79EFBC}") = "Assembly-CSharp", "Assembly-CSharp.csproj", "{C9D63F46-D2DD-B44E-3717-0FAB165F86CA}"
EndProject
Project("{FAE04EC0-301F-11D3-BF4B-00C04F79EFBC}") = "AstarPathfindingProjectEditor", "AstarPathfindingProjectEditor.csproj", "{EA89C53C-E64A-CB85-0951-485F68A63A6D}"
EndProject
Project("{FAE04EC0-301F-11D3-BF4B-00C04F79EFBC}") = "PackageToolsEditor", "PackageToolsEditor.csproj", "{B04703E8-F239-474B-52A9-00AF48FF43FC}"
EndProject
Global
	GlobalSection(SolutionConfigurationPlatforms) = preSolution
		Debug|Any CPU = Debug|Any CPU
		Release|Any CPU = Release|Any CPU
	EndGlobalSection
	GlobalSection(ProjectConfigurationPlatforms) = postSolution
		{674F641E-DAA6-4095-6433-F4ACE85C1B31}.Debug|Any CPU.ActiveCfg = Debug|Any CPU
		{674F641E-DAA6-4095-6433-F4ACE85C1B31}.Debug|Any CPU.Build.0 = Debug|Any CPU
		{674F641E-DAA6-4095-6433-F4ACE85C1B31}.Release|Any CPU.ActiveCfg = Release|Any CPU
		{674F641E-DAA6-4095-6433-F4ACE85C1B31}.Release|Any CPU.Build.0 = Release|Any CPU
		{C9D63F46-D2DD-B44E-3717-0FAB165F86CA}.Debug|Any CPU.ActiveCfg = Debug|Any CPU
		{C9D63F46-D2DD-B44E-3717-0FAB165F86CA}.Debug|Any CPU.Build.0 = Debug|Any CPU
		{C9D63F46-D2DD-B44E-3717-0FAB165F86CA}.Release|Any CPU.ActiveCfg = Release|Any CPU
		{C9D63F46-D2DD-B44E-3717-0FAB165F86CA}.Release|Any CPU.Build.0 = Release|Any CPU
		{EA89C53C-E64A-CB85-0951-485F68A63A6D}.Debug|Any CPU.ActiveCfg = Debug|Any CPU
		{EA89C53C-E64A-CB85-0951-485F68A63A6D}.Debug|Any CPU.Build.0 = Debug|Any CPU
		{EA89C53C-E64A-CB85-0951-485F68A63A6D}.Release|Any CPU.ActiveCfg = Release|Any CPU
		{EA89C53C-E64A-CB85-0951-485F68A63A6D}.Release|Any CPU.Build.0 = Release|Any CPU
		{B04703E8-F239-474B-52A9-00AF48FF43FC}.Debug|Any CPU.ActiveCfg = Debug|Any CPU
		{B04703E8-F239-474B-52A9-00AF48FF43FC}.Debug|Any CPU.Build.0 = Debug|Any CPU
		{B04703E8-F239-474B-52A9-00AF48FF43FC}.Release|Any CPU.ActiveCfg = Release|Any CPU
		{B04703E8-F239-474B-52A9-00AF48FF43FC}.Release|Any CPU.Build.0 = Release|Any CPU
	EndGlobalSection
	GlobalSection(SolutionProperties) = preSolution
		HideSolutionNode = FALSE
	EndGlobalSection
	GlobalSection(MonoDevelopProperties) = preSolution
		StartupItem = Assembly-CSharp.csproj
	EndGlobalSection
EndGlobal
